
Microsoft Visual Studio Solution File, Format Version 12.00
# Visual Studio Version 16
VisualStudioVersion = 16.0.28922.388
MinimumVisualStudioVersion = 10.0.40219.1
Project("{FAE04EC0-301F-11D3-BF4B-00C04F79EFBC}") = "RPClient", "RPClient\RPClient.csproj", "{A2DCBFD2-CCC5-4D63-A795-9D041EE639F9}"
EndProject
Global
	GlobalSection(SolutionConfigurationPlatforms) = preSolution
		Debug|Any CPU = Debug|Any CPU
		Release|Any CPU = Release|Any CPU
	EndGlobalSection
	GlobalSection(ProjectConfigurationPlatforms) = postSolution
		{A2DCBFD2-CCC5-4D63-A795-9D041EE639F9}.Debug|Any CPU.ActiveCfg = Debug|Any CPU
		{A2DCBFD2-CCC5-4D63-A795-9D041EE639F9}.Debug|Any CPU.Build.0 = Debug|Any CPU
		{A2DCBFD2-CCC5-4D63-A795-9D041EE639F9}.Release|Any CPU.ActiveCfg = Release|Any CPU
		{A2DCBFD2-CCC5-4D63-A795-9D041EE639F9}.Release|Any CPU.Build.0 = Release|Any CPU
	EndGlobalSection
	GlobalSection(SolutionProperties) = preSolution
		HideSolutionNode = FALSE
	EndGlobalSection
	GlobalSection(ExtensibilityGlobals) = postSolution
		SolutionGuid = {A62FDC4E-7168-4D32-8008-4DC9CB8E8273}
	EndGlobalSection
EndGlobal
